// !$*UTF8*$!
{
	archiveVersion = 1;
	classes = {
	};
	objectVersion = 46;
	objects = {

/* Begin PBXBuildFile section */
		F9118DB31A8196EB00E878AA /* main.m in Sources */ = {isa = PBXBuildFile; fileRef = F9118DB21A8196EB00E878AA /* main.m */; };
		F9118DB61A8196EB00E878AA /* AppDelegate.m in Sources */ = {isa = PBXBuildFile; fileRef = F9118DB51A8196EB00E878AA /* AppDelegate.m */; };
		F9118DBE1A8196EB00E878AA /* Images.xcassets in Resources */ = {isa = PBXBuildFile; fileRef = F9118DBD1A8196EB00E878AA /* Images.xcassets */; };
		F9118DC11A8196EB00E878AA /* LaunchScreen.xib in Resources */ = {isa = PBXBuildFile; fileRef = F9118DBF1A8196EB00E878AA /* LaunchScreen.xib */; };
		F9118DCD1A8196EB00E878AA /* QuestionAppTests.m in Sources */ = {isa = PBXBuildFile; fileRef = F9118DCC1A8196EB00E878AA /* QuestionAppTests.m */; };
		F9118DD81A81999500E878AA /* MainStoryboard.storyboard in Resources */ = {isa = PBXBuildFile; fileRef = F9118DD71A81999500E878AA /* MainStoryboard.storyboard */; };
		F9118DDA1A8199F900E878AA /* Bolts.framework in Frameworks */ = {isa = PBXBuildFile; fileRef = F9118DD91A8199F900E878AA /* Bolts.framework */; };
		F9118DDC1A819A0700E878AA /* Parse.framework in Frameworks */ = {isa = PBXBuildFile; fileRef = F9118DDB1A819A0700E878AA /* Parse.framework */; };
		F9118DDE1A819A8000E878AA /* Accounts.framework in Frameworks */ = {isa = PBXBuildFile; fileRef = F9118DDD1A819A8000E878AA /* Accounts.framework */; };
		F9118DE01A819A8800E878AA /* AudioToolbox.framework in Frameworks */ = {isa = PBXBuildFile; fileRef = F9118DDF1A819A8800E878AA /* AudioToolbox.framework */; };
		F9118DE21A819A8F00E878AA /* CFNetwork.framework in Frameworks */ = {isa = PBXBuildFile; fileRef = F9118DE11A819A8F00E878AA /* CFNetwork.framework */; };
		F9118DE41A819A9700E878AA /* CoreGraphics.framework in Frameworks */ = {isa = PBXBuildFile; fileRef = F9118DE31A819A9700E878AA /* CoreGraphics.framework */; };
		F9118DE61A819A9F00E878AA /* CoreLocation.framework in Frameworks */ = {isa = PBXBuildFile; fileRef = F9118DE51A819A9F00E878AA /* CoreLocation.framework */; };
		F9118DE81A819AB000E878AA /* MobileCoreServices.framework in Frameworks */ = {isa = PBXBuildFile; fileRef = F9118DE71A819AB000E878AA /* MobileCoreServices.framework */; };
		F9118DEA1A819AC000E878AA /* QuartzCore.framework in Frameworks */ = {isa = PBXBuildFile; fileRef = F9118DE91A819AC000E878AA /* QuartzCore.framework */; };
		F9118DEC1A819ACB00E878AA /* Security.framework in Frameworks */ = {isa = PBXBuildFile; fileRef = F9118DEB1A819ACB00E878AA /* Security.framework */; };
		F9118DEE1A819AD500E878AA /* Social.framework in Frameworks */ = {isa = PBXBuildFile; fileRef = F9118DED1A819AD500E878AA /* Social.framework */; };
		F9118DF01A819AE100E878AA /* StoreKit.framework in Frameworks */ = {isa = PBXBuildFile; fileRef = F9118DEF1A819AE100E878AA /* StoreKit.framework */; };
		F9118DF21A819AED00E878AA /* SystemConfiguration.framework in Frameworks */ = {isa = PBXBuildFile; fileRef = F9118DF11A819AED00E878AA /* SystemConfiguration.framework */; };
		F9118DF41A819B1500E878AA /* libz.dylib in Frameworks */ = {isa = PBXBuildFile; fileRef = F9118DF31A819B1500E878AA /* libz.dylib */; };
		F9118DF61A819B3300E878AA /* libsqlite3.dylib in Frameworks */ = {isa = PBXBuildFile; fileRef = F9118DF51A819B3300E878AA /* libsqlite3.dylib */; };
		F9118DF91A81A7A400E878AA /* ParseUI.framework in Frameworks */ = {isa = PBXBuildFile; fileRef = F9118DF81A81A7A300E878AA /* ParseUI.framework */; };
		F93F3E0D1A8FF2D3003E046F /* JokeTableViewCell.m in Sources */ = {isa = PBXBuildFile; fileRef = F93F3E0C1A8FF2D3003E046F /* JokeTableViewCell.m */; };
		F947C4241A8E956E00363937 /* 602-exit@2x.png in Resources */ = {isa = PBXBuildFile; fileRef = F947C4231A8E956E00363937 /* 602-exit@2x.png */; };
		F94B44C21A9E0EB500B39708 /* HotTableViewController.m in Sources */ = {isa = PBXBuildFile; fileRef = F94B44C11A9E0EB500B39708 /* HotTableViewController.m */; };
		F94B44C51A9E0ECA00B39708 /* HotTableViewCell.m in Sources */ = {isa = PBXBuildFile; fileRef = F94B44C41A9E0ECA00B39708 /* HotTableViewCell.m */; };
		F9669FF71A968BF6007D142B /* ForgotPasswordViewController.m in Sources */ = {isa = PBXBuildFile; fileRef = F9669FF61A968BF6007D142B /* ForgotPasswordViewController.m */; };
		F983B1481A8D43EA000C597C /* ResponseTableViewCell.m in Sources */ = {isa = PBXBuildFile; fileRef = F983B1471A8D43EA000C597C /* ResponseTableViewCell.m */; };
		F984500B1A9FDB320061A0AB /* half-arrow-left-7@3x.png in Resources */ = {isa = PBXBuildFile; fileRef = F984500A1A9FDB320061A0AB /* half-arrow-left-7@3x.png */; };
		F984500E1A9FDE640061A0AB /* AllTabbersTableViewCell.m in Sources */ = {isa = PBXBuildFile; fileRef = F984500D1A9FDE640061A0AB /* AllTabbersTableViewCell.m */; };
		F98450131AA002DA0061A0AB /* half-arrow-left-circle-7@3x.png in Resources */ = {isa = PBXBuildFile; fileRef = F98450121AA002DA0061A0AB /* half-arrow-left-circle-7@3x.png */; };
		F98CF63A1A9F725F008B91E3 /* arrow-up-7@3x.png in Resources */ = {isa = PBXBuildFile; fileRef = F98CF6391A9F725F008B91E3 /* arrow-up-7@3x.png */; };
		F98CF63C1A9F7286008B91E3 /* half-arrow-up-7@3x.png in Resources */ = {isa = PBXBuildFile; fileRef = F98CF63B1A9F7286008B91E3 /* half-arrow-up-7@3x.png */; };
		F98CF63E1A9F72AA008B91E3 /* half-arrow-up-circle-7@3x.png in Resources */ = {isa = PBXBuildFile; fileRef = F98CF63D1A9F72AA008B91E3 /* half-arrow-up-circle-7@3x.png */; };
		F98CF6441A9F81EF008B91E3 /* tag-minus-7@3x.png in Resources */ = {isa = PBXBuildFile; fileRef = F98CF6431A9F81EF008B91E3 /* tag-minus-7@3x.png */; };
		F98CF6461A9F8206008B91E3 /* tag-plus-7@3x.png in Resources */ = {isa = PBXBuildFile; fileRef = F98CF6451A9F8206008B91E3 /* tag-plus-7@3x.png */; };
		F98CF6481A9F823D008B91E3 /* tag-tick-7@3x.png in Resources */ = {isa = PBXBuildFile; fileRef = F98CF6471A9F823D008B91E3 /* tag-tick-7@3x.png */; };
		F98CF64A1A9F83ED008B91E3 /* door-out-7@3x.png in Resources */ = {isa = PBXBuildFile; fileRef = F98CF6491A9F83ED008B91E3 /* door-out-7@3x.png */; };
		F98CF64C1A9F85B3008B91E3 /* microphone-7@3x.png in Resources */ = {isa = PBXBuildFile; fileRef = F98CF64B1A9F85B3008B91E3 /* microphone-7@3x.png */; };
		F98CF64E1A9F8634008B91E3 /* user-7@3x.png in Resources */ = {isa = PBXBuildFile; fileRef = F98CF64D1A9F8634008B91E3 /* user-7@3x.png */; };
		F98CF6501A9F86E8008B91E3 /* sun-7@3x.png in Resources */ = {isa = PBXBuildFile; fileRef = F98CF64F1A9F86E8008B91E3 /* sun-7@3x.png */; };
		F98CF6521A9F878B008B91E3 /* comet-7@3x.png in Resources */ = {isa = PBXBuildFile; fileRef = F98CF6511A9F878B008B91E3 /* comet-7@3x.png */; };
		F98CF6541A9F8842008B91E3 /* microphone-7@2x.png in Resources */ = {isa = PBXBuildFile; fileRef = F98CF6531A9F8842008B91E3 /* microphone-7@2x.png */; };
		F98CF6561A9F887E008B91E3 /* sun-7@2x.png in Resources */ = {isa = PBXBuildFile; fileRef = F98CF6551A9F887E008B91E3 /* sun-7@2x.png */; };
		F98CF6581A9F88BD008B91E3 /* tag-tick-7@2x.png in Resources */ = {isa = PBXBuildFile; fileRef = F98CF6571A9F88BD008B91E3 /* tag-tick-7@2x.png */; };
		F98CF65A1A9F88FB008B91E3 /* user-7@2x.png in Resources */ = {isa = PBXBuildFile; fileRef = F98CF6591A9F88FB008B91E3 /* user-7@2x.png */; };
		F98CF65C1A9F8B5D008B91E3 /* star-7@3x.png in Resources */ = {isa = PBXBuildFile; fileRef = F98CF65B1A9F8B5D008B91E3 /* star-7@3x.png */; };
		F991024E1A94E103009DC951 /* FullResponseTableViewController.m in Sources */ = {isa = PBXBuildFile; fileRef = F991024D1A94E103009DC951 /* FullResponseTableViewController.m */; };
		F99102531A950B1B009DC951 /* 518-filter@2x.png in Resources */ = {isa = PBXBuildFile; fileRef = F99102521A950B1B009DC951 /* 518-filter@2x.png */; };
		F99102551A950B32009DC951 /* 534-eye@2x.png in Resources */ = {isa = PBXBuildFile; fileRef = F99102541A950B32009DC951 /* 534-eye@2x.png */; };
		F99102581A950F15009DC951 /* UserJokeTableViewController.m in Sources */ = {isa = PBXBuildFile; fileRef = F99102571A950F15009DC951 /* UserJokeTableViewController.m */; };
		F99E87421A91835C00D7B5AF /* 552-flag-1@2x.png in Resources */ = {isa = PBXBuildFile; fileRef = F99E87411A91835C00D7B5AF /* 552-flag-1@2x.png */; };
		F99E87441A91839400D7B5AF /* 571-microphone@2x.png in Resources */ = {isa = PBXBuildFile; fileRef = F99E87431A91839400D7B5AF /* 571-microphone@2x.png */; };
		F9A38AE81A9CDED90080B174 /* SearchTableViewController.m in Sources */ = {isa = PBXBuildFile; fileRef = F9A38AE71A9CDED90080B174 /* SearchTableViewController.m */; };
		F9A8A99F1A897F1900DFD090 /* ProfileTableViewController.m in Sources */ = {isa = PBXBuildFile; fileRef = F9A8A99E1A897F1900DFD090 /* ProfileTableViewController.m */; };
		F9AF506E1A9D3F550036F414 /* SearchTableViewCell.m in Sources */ = {isa = PBXBuildFile; fileRef = F9AF506D1A9D3F550036F414 /* SearchTableViewCell.m */; };
		F9AF73F91A9A163700DE9A39 /* 651-sun@2x.png in Resources */ = {isa = PBXBuildFile; fileRef = F9AF73F81A9A163700DE9A39 /* 651-sun@2x.png */; };
		F9B718161A89021E0070C134 /* 536-disguise@2x.png in Resources */ = {isa = PBXBuildFile; fileRef = F9B718151A89021E0070C134 /* 536-disguise@2x.png */; };
		F9B718181A89025F0070C134 /* 564-camera@2x.png in Resources */ = {isa = PBXBuildFile; fileRef = F9B718171A89025F0070C134 /* 564-camera@2x.png */; };
		F9B7181A1A8902EE0070C134 /* 644-coversation@2x.png in Resources */ = {isa = PBXBuildFile; fileRef = F9B718191A8902EE0070C134 /* 644-coversation@2x.png */; };
		F9B7181C1A8908A80070C134 /* placeholder.png in Resources */ = {isa = PBXBuildFile; fileRef = F9B7181B1A8908A80070C134 /* placeholder.png */; };
		F9B718221A890EA80070C134 /* MyProfileTableViewController.m in Sources */ = {isa = PBXBuildFile; fileRef = F9B718211A890EA80070C134 /* MyProfileTableViewController.m */; };
		F9CBBE741A82662100680486 /* ResponseTableViewController.m in Sources */ = {isa = PBXBuildFile; fileRef = F9CBBE731A82662000680486 /* ResponseTableViewController.m */; };
		F9CBBE771A82664000680486 /* AddJokeViewController.m in Sources */ = {isa = PBXBuildFile; fileRef = F9CBBE761A82664000680486 /* AddJokeViewController.m */; };
		F9CBBE7A1A82665200680486 /* AddResponseViewController.m in Sources */ = {isa = PBXBuildFile; fileRef = F9CBBE791A82665200680486 /* AddResponseViewController.m */; };
		F9CBBE7D1A8283DD00680486 /* DataSource.m in Sources */ = {isa = PBXBuildFile; fileRef = F9CBBE7C1A8283DD00680486 /* DataSource.m */; };
		F9CBBE801A829A9700680486 /* JokeTableViewController.m in Sources */ = {isa = PBXBuildFile; fileRef = F9CBBE7F1A829A9700680486 /* JokeTableViewController.m */; };
		F9CBBE831A82AC0A00680486 /* LoginViewController.m in Sources */ = {isa = PBXBuildFile; fileRef = F9CBBE821A82AC0A00680486 /* LoginViewController.m */; };
		F9CBBE861A82AE8700680486 /* SignupViewController.m in Sources */ = {isa = PBXBuildFile; fileRef = F9CBBE851A82AE8700680486 /* SignupViewController.m */; };
		F9D057AF1A951A2E0098A9E2 /* UserJokeTableViewCell.m in Sources */ = {isa = PBXBuildFile; fileRef = F9D057AE1A951A2E0098A9E2 /* UserJokeTableViewCell.m */; };
		F9E55EAF1A9241210061CBCE /* TabsTableViewController.m in Sources */ = {isa = PBXBuildFile; fileRef = F9E55EAE1A9241210061CBCE /* TabsTableViewController.m */; };
		F9E55EB21A92413D0061CBCE /* TabsTableViewCell.m in Sources */ = {isa = PBXBuildFile; fileRef = F9E55EB11A92413D0061CBCE /* TabsTableViewCell.m */; };
		F9E55EB81A92939E0061CBCE /* AllTabbersTableViewController.m in Sources */ = {isa = PBXBuildFile; fileRef = F9E55EB71A92939E0061CBCE /* AllTabbersTableViewController.m */; };
/* End PBXBuildFile section */

/* Begin PBXContainerItemProxy section */
		F9118DC71A8196EB00E878AA /* PBXContainerItemProxy */ = {
			isa = PBXContainerItemProxy;
			containerPortal = F9118DA51A8196EB00E878AA /* Project object */;
			proxyType = 1;
			remoteGlobalIDString = F9118DAC1A8196EB00E878AA;
			remoteInfo = QuestionApp;
		};
/* End PBXContainerItemProxy section */

/* Begin PBXFileReference section */
		F9118DAD1A8196EB00E878AA /* QuestionApp.app */ = {isa = PBXFileReference; explicitFileType = wrapper.application; includeInIndex = 0; path = QuestionApp.app; sourceTree = BUILT_PRODUCTS_DIR; };
		F9118DB11A8196EB00E878AA /* Info.plist */ = {isa = PBXFileReference; lastKnownFileType = text.plist.xml; path = Info.plist; sourceTree = "<group>"; };
		F9118DB21A8196EB00E878AA /* main.m */ = {isa = PBXFileReference; lastKnownFileType = sourcecode.c.objc; path = main.m; sourceTree = "<group>"; };
		F9118DB41A8196EB00E878AA /* AppDelegate.h */ = {isa = PBXFileReference; lastKnownFileType = sourcecode.c.h; path = AppDelegate.h; sourceTree = "<group>"; };
		F9118DB51A8196EB00E878AA /* AppDelegate.m */ = {isa = PBXFileReference; lastKnownFileType = sourcecode.c.objc; path = AppDelegate.m; sourceTree = "<group>"; };
		F9118DBD1A8196EB00E878AA /* Images.xcassets */ = {isa = PBXFileReference; lastKnownFileType = folder.assetcatalog; path = Images.xcassets; sourceTree = "<group>"; };
		F9118DC01A8196EB00E878AA /* Base */ = {isa = PBXFileReference; lastKnownFileType = file.xib; name = Base; path = Base.lproj/LaunchScreen.xib; sourceTree = "<group>"; };
		F9118DC61A8196EB00E878AA /* QuestionAppTests.xctest */ = {isa = PBXFileReference; explicitFileType = wrapper.cfbundle; includeInIndex = 0; path = QuestionAppTests.xctest; sourceTree = BUILT_PRODUCTS_DIR; };
		F9118DCB1A8196EB00E878AA /* Info.plist */ = {isa = PBXFileReference; lastKnownFileType = text.plist.xml; path = Info.plist; sourceTree = "<group>"; };
		F9118DCC1A8196EB00E878AA /* QuestionAppTests.m */ = {isa = PBXFileReference; lastKnownFileType = sourcecode.c.objc; path = QuestionAppTests.m; sourceTree = "<group>"; };
		F9118DD71A81999500E878AA /* MainStoryboard.storyboard */ = {isa = PBXFileReference; fileEncoding = 4; lastKnownFileType = file.storyboard; name = MainStoryboard.storyboard; path = ../MainStoryboard.storyboard; sourceTree = "<group>"; };
		F9118DD91A8199F900E878AA /* Bolts.framework */ = {isa = PBXFileReference; lastKnownFileType = wrapper.framework; path = Bolts.framework; sourceTree = "<group>"; };
		F9118DDB1A819A0700E878AA /* Parse.framework */ = {isa = PBXFileReference; lastKnownFileType = wrapper.framework; path = Parse.framework; sourceTree = "<group>"; };
		F9118DDD1A819A8000E878AA /* Accounts.framework */ = {isa = PBXFileReference; lastKnownFileType = wrapper.framework; name = Accounts.framework; path = System/Library/Frameworks/Accounts.framework; sourceTree = SDKROOT; };
		F9118DDF1A819A8800E878AA /* AudioToolbox.framework */ = {isa = PBXFileReference; lastKnownFileType = wrapper.framework; name = AudioToolbox.framework; path = System/Library/Frameworks/AudioToolbox.framework; sourceTree = SDKROOT; };
		F9118DE11A819A8F00E878AA /* CFNetwork.framework */ = {isa = PBXFileReference; lastKnownFileType = wrapper.framework; name = CFNetwork.framework; path = System/Library/Frameworks/CFNetwork.framework; sourceTree = SDKROOT; };
		F9118DE31A819A9700E878AA /* CoreGraphics.framework */ = {isa = PBXFileReference; lastKnownFileType = wrapper.framework; name = CoreGraphics.framework; path = System/Library/Frameworks/CoreGraphics.framework; sourceTree = SDKROOT; };
		F9118DE51A819A9F00E878AA /* CoreLocation.framework */ = {isa = PBXFileReference; lastKnownFileType = wrapper.framework; name = CoreLocation.framework; path = System/Library/Frameworks/CoreLocation.framework; sourceTree = SDKROOT; };
		F9118DE71A819AB000E878AA /* MobileCoreServices.framework */ = {isa = PBXFileReference; lastKnownFileType = wrapper.framework; name = MobileCoreServices.framework; path = System/Library/Frameworks/MobileCoreServices.framework; sourceTree = SDKROOT; };
		F9118DE91A819AC000E878AA /* QuartzCore.framework */ = {isa = PBXFileReference; lastKnownFileType = wrapper.framework; name = QuartzCore.framework; path = System/Library/Frameworks/QuartzCore.framework; sourceTree = SDKROOT; };
		F9118DEB1A819ACB00E878AA /* Security.framework */ = {isa = PBXFileReference; lastKnownFileType = wrapper.framework; name = Security.framework; path = System/Library/Frameworks/Security.framework; sourceTree = SDKROOT; };
		F9118DED1A819AD500E878AA /* Social.framework */ = {isa = PBXFileReference; lastKnownFileType = wrapper.framework; name = Social.framework; path = System/Library/Frameworks/Social.framework; sourceTree = SDKROOT; };
		F9118DEF1A819AE100E878AA /* StoreKit.framework */ = {isa = PBXFileReference; lastKnownFileType = wrapper.framework; name = StoreKit.framework; path = System/Library/Frameworks/StoreKit.framework; sourceTree = SDKROOT; };
		F9118DF11A819AED00E878AA /* SystemConfiguration.framework */ = {isa = PBXFileReference; lastKnownFileType = wrapper.framework; name = SystemConfiguration.framework; path = System/Library/Frameworks/SystemConfiguration.framework; sourceTree = SDKROOT; };
		F9118DF31A819B1500E878AA /* libz.dylib */ = {isa = PBXFileReference; lastKnownFileType = "compiled.mach-o.dylib"; name = libz.dylib; path = usr/lib/libz.dylib; sourceTree = SDKROOT; };
		F9118DF51A819B3300E878AA /* libsqlite3.dylib */ = {isa = PBXFileReference; lastKnownFileType = "compiled.mach-o.dylib"; name = libsqlite3.dylib; path = usr/lib/libsqlite3.dylib; sourceTree = SDKROOT; };
		F9118DF81A81A7A300E878AA /* ParseUI.framework */ = {isa = PBXFileReference; lastKnownFileType = wrapper.framework; path = ParseUI.framework; sourceTree = "<group>"; };
		F93F3E0B1A8FF2D3003E046F /* JokeTableViewCell.h */ = {isa = PBXFileReference; fileEncoding = 4; lastKnownFileType = sourcecode.c.h; name = JokeTableViewCell.h; path = ../JokeTableViewCell.h; sourceTree = "<group>"; };
		F93F3E0C1A8FF2D3003E046F /* JokeTableViewCell.m */ = {isa = PBXFileReference; fileEncoding = 4; lastKnownFileType = sourcecode.c.objc; name = JokeTableViewCell.m; path = ../JokeTableViewCell.m; sourceTree = "<group>"; };
		F947C4231A8E956E00363937 /* 602-exit@2x.png */ = {isa = PBXFileReference; lastKnownFileType = image.png; path = "602-exit@2x.png"; sourceTree = "<group>"; };
		F94B44C01A9E0EB500B39708 /* HotTableViewController.h */ = {isa = PBXFileReference; fileEncoding = 4; lastKnownFileType = sourcecode.c.h; name = HotTableViewController.h; path = ../HotTableViewController.h; sourceTree = "<group>"; };
		F94B44C11A9E0EB500B39708 /* HotTableViewController.m */ = {isa = PBXFileReference; fileEncoding = 4; lastKnownFileType = sourcecode.c.objc; name = HotTableViewController.m; path = ../HotTableViewController.m; sourceTree = "<group>"; };
		F94B44C31A9E0ECA00B39708 /* HotTableViewCell.h */ = {isa = PBXFileReference; fileEncoding = 4; lastKnownFileType = sourcecode.c.h; name = HotTableViewCell.h; path = ../HotTableViewCell.h; sourceTree = "<group>"; };
		F94B44C41A9E0ECA00B39708 /* HotTableViewCell.m */ = {isa = PBXFileReference; fileEncoding = 4; lastKnownFileType = sourcecode.c.objc; name = HotTableViewCell.m; path = ../HotTableViewCell.m; sourceTree = "<group>"; };
		F9669FF51A968BF6007D142B /* ForgotPasswordViewController.h */ = {isa = PBXFileReference; fileEncoding = 4; lastKnownFileType = sourcecode.c.h; name = ForgotPasswordViewController.h; path = ../ForgotPasswordViewController.h; sourceTree = "<group>"; };
		F9669FF61A968BF6007D142B /* ForgotPasswordViewController.m */ = {isa = PBXFileReference; fileEncoding = 4; lastKnownFileType = sourcecode.c.objc; name = ForgotPasswordViewController.m; path = ../ForgotPasswordViewController.m; sourceTree = "<group>"; };
		F983B1461A8D43EA000C597C /* ResponseTableViewCell.h */ = {isa = PBXFileReference; fileEncoding = 4; lastKnownFileType = sourcecode.c.h; name = ResponseTableViewCell.h; path = ../ResponseTableViewCell.h; sourceTree = "<group>"; };
		F983B1471A8D43EA000C597C /* ResponseTableViewCell.m */ = {isa = PBXFileReference; fileEncoding = 4; lastKnownFileType = sourcecode.c.objc; name = ResponseTableViewCell.m; path = ../ResponseTableViewCell.m; sourceTree = "<group>"; };
		F984500A1A9FDB320061A0AB /* half-arrow-left-7@3x.png */ = {isa = PBXFileReference; lastKnownFileType = image.png; path = "half-arrow-left-7@3x.png"; sourceTree = "<group>"; };
		F984500C1A9FDE640061A0AB /* AllTabbersTableViewCell.h */ = {isa = PBXFileReference; fileEncoding = 4; lastKnownFileType = sourcecode.c.h; name = AllTabbersTableViewCell.h; path = ../AllTabbersTableViewCell.h; sourceTree = "<group>"; };
		F984500D1A9FDE640061A0AB /* AllTabbersTableViewCell.m */ = {isa = PBXFileReference; fileEncoding = 4; lastKnownFileType = sourcecode.c.objc; name = AllTabbersTableViewCell.m; path = ../AllTabbersTableViewCell.m; sourceTree = "<group>"; };
		F98450121AA002DA0061A0AB /* half-arrow-left-circle-7@3x.png */ = {isa = PBXFileReference; lastKnownFileType = image.png; path = "half-arrow-left-circle-7@3x.png"; sourceTree = "<group>"; };
		F98CF6391A9F725F008B91E3 /* arrow-up-7@3x.png */ = {isa = PBXFileReference; lastKnownFileType = image.png; name = "arrow-up-7@3x.png"; path = "../../../Reference/iconbeast-pro/line/arrows-7/png/grey/arrow-up-7@3x.png"; sourceTree = "<group>"; };
		F98CF63B1A9F7286008B91E3 /* half-arrow-up-7@3x.png */ = {isa = PBXFileReference; lastKnownFileType = image.png; name = "half-arrow-up-7@3x.png"; path = "../../../Reference/iconbeast-pro/line/arrows-7/png/grey/half-arrow-up-7@3x.png"; sourceTree = "<group>"; };
		F98CF63D1A9F72AA008B91E3 /* half-arrow-up-circle-7@3x.png */ = {isa = PBXFileReference; lastKnownFileType = image.png; name = "half-arrow-up-circle-7@3x.png"; path = "../../../Reference/iconbeast-pro/line/arrows-7/png/grey/half-arrow-up-circle-7@3x.png"; sourceTree = "<group>"; };
		F98CF6431A9F81EF008B91E3 /* tag-minus-7@3x.png */ = {isa = PBXFileReference; lastKnownFileType = image.png; name = "tag-minus-7@3x.png"; path = "../../../Reference/iconbeast-pro/line/universal-7/png/grey/tag-minus-7@3x.png"; sourceTree = "<group>"; };
		F98CF6451A9F8206008B91E3 /* tag-plus-7@3x.png */ = {isa = PBXFileReference; lastKnownFileType = image.png; name = "tag-plus-7@3x.png"; path = "../../../Reference/iconbeast-pro/line/universal-7/png/grey/tag-plus-7@3x.png"; sourceTree = "<group>"; };
		F98CF6471A9F823D008B91E3 /* tag-tick-7@3x.png */ = {isa = PBXFileReference; lastKnownFileType = image.png; name = "tag-tick-7@3x.png"; path = "../../../Reference/iconbeast-pro/line/universal-7/png/grey/tag-tick-7@3x.png"; sourceTree = "<group>"; };
		F98CF6491A9F83ED008B91E3 /* door-out-7@3x.png */ = {isa = PBXFileReference; lastKnownFileType = image.png; name = "door-out-7@3x.png"; path = "../../../Reference/iconbeast-pro/line/software-7/png/grey/door-out-7@3x.png"; sourceTree = "<group>"; };
		F98CF64B1A9F85B3008B91E3 /* microphone-7@3x.png */ = {isa = PBXFileReference; lastKnownFileType = image.png; name = "microphone-7@3x.png"; path = "../../../Reference/iconbeast-pro/line/multimedia-7/png/grey/microphone-7@3x.png"; sourceTree = "<group>"; };
		F98CF64D1A9F8634008B91E3 /* user-7@3x.png */ = {isa = PBXFileReference; lastKnownFileType = image.png; name = "user-7@3x.png"; path = "../../../Reference/iconbeast-pro/line/user-7/png/grey/user-7@3x.png"; sourceTree = "<group>"; };
		F98CF64F1A9F86E8008B91E3 /* sun-7@3x.png */ = {isa = PBXFileReference; lastKnownFileType = image.png; name = "sun-7@3x.png"; path = "../../../Reference/iconbeast-pro/line/nature-7/png/grey/sun-7@3x.png"; sourceTree = "<group>"; };
		F98CF6511A9F878B008B91E3 /* comet-7@3x.png */ = {isa = PBXFileReference; lastKnownFileType = image.png; name = "comet-7@3x.png"; path = "../../../Reference/iconbeast-pro/line/nature-7/png/grey/comet-7@3x.png"; sourceTree = "<group>"; };
		F98CF6531A9F8842008B91E3 /* microphone-7@2x.png */ = {isa = PBXFileReference; lastKnownFileType = image.png; name = "microphone-7@2x.png"; path = "../../../Reference/iconbeast-pro/line/multimedia-7/png/grey/microphone-7@2x.png"; sourceTree = "<group>"; };
		F98CF6551A9F887E008B91E3 /* sun-7@2x.png */ = {isa = PBXFileReference; lastKnownFileType = image.png; name = "sun-7@2x.png"; path = "../../../Reference/iconbeast-pro/line/nature-7/png/grey/sun-7@2x.png"; sourceTree = "<group>"; };
		F98CF6571A9F88BD008B91E3 /* tag-tick-7@2x.png */ = {isa = PBXFileReference; lastKnownFileType = image.png; name = "tag-tick-7@2x.png"; path = "../../../Reference/iconbeast-pro/line/universal-7/png/grey/tag-tick-7@2x.png"; sourceTree = "<group>"; };
		F98CF6591A9F88FB008B91E3 /* user-7@2x.png */ = {isa = PBXFileReference; lastKnownFileType = image.png; name = "user-7@2x.png"; path = "../../../Reference/iconbeast-pro/line/user-7/png/grey/user-7@2x.png"; sourceTree = "<group>"; };
		F98CF65B1A9F8B5D008B91E3 /* star-7@3x.png */ = {isa = PBXFileReference; lastKnownFileType = image.png; path = "star-7@3x.png"; sourceTree = "<group>"; };
		F991024C1A94E103009DC951 /* FullResponseTableViewController.h */ = {isa = PBXFileReference; fileEncoding = 4; lastKnownFileType = sourcecode.c.h; name = FullResponseTableViewController.h; path = ../FullResponseTableViewController.h; sourceTree = "<group>"; };
		F991024D1A94E103009DC951 /* FullResponseTableViewController.m */ = {isa = PBXFileReference; fileEncoding = 4; lastKnownFileType = sourcecode.c.objc; name = FullResponseTableViewController.m; path = ../FullResponseTableViewController.m; sourceTree = "<group>"; };
		F99102521A950B1B009DC951 /* 518-filter@2x.png */ = {isa = PBXFileReference; lastKnownFileType = image.png; path = "518-filter@2x.png"; sourceTree = "<group>"; };
		F99102541A950B32009DC951 /* 534-eye@2x.png */ = {isa = PBXFileReference; lastKnownFileType = image.png; path = "534-eye@2x.png"; sourceTree = "<group>"; };
		F99102561A950F15009DC951 /* UserJokeTableViewController.h */ = {isa = PBXFileReference; fileEncoding = 4; lastKnownFileType = sourcecode.c.h; name = UserJokeTableViewController.h; path = ../UserJokeTableViewController.h; sourceTree = "<group>"; };
		F99102571A950F15009DC951 /* UserJokeTableViewController.m */ = {isa = PBXFileReference; fileEncoding = 4; lastKnownFileType = sourcecode.c.objc; name = UserJokeTableViewController.m; path = ../UserJokeTableViewController.m; sourceTree = "<group>"; };
		F99E87411A91835C00D7B5AF /* 552-flag-1@2x.png */ = {isa = PBXFileReference; lastKnownFileType = image.png; path = "552-flag-1@2x.png"; sourceTree = "<group>"; };
		F99E87431A91839400D7B5AF /* 571-microphone@2x.png */ = {isa = PBXFileReference; lastKnownFileType = image.png; path = "571-microphone@2x.png"; sourceTree = "<group>"; };
		F9A38AE61A9CDED90080B174 /* SearchTableViewController.h */ = {isa = PBXFileReference; fileEncoding = 4; lastKnownFileType = sourcecode.c.h; name = SearchTableViewController.h; path = ../SearchTableViewController.h; sourceTree = "<group>"; };
		F9A38AE71A9CDED90080B174 /* SearchTableViewController.m */ = {isa = PBXFileReference; fileEncoding = 4; lastKnownFileType = sourcecode.c.objc; name = SearchTableViewController.m; path = ../SearchTableViewController.m; sourceTree = "<group>"; };
		F9A8A99D1A897F1900DFD090 /* ProfileTableViewController.h */ = {isa = PBXFileReference; fileEncoding = 4; lastKnownFileType = sourcecode.c.h; name = ProfileTableViewController.h; path = ../ProfileTableViewController.h; sourceTree = "<group>"; };
		F9A8A99E1A897F1900DFD090 /* ProfileTableViewController.m */ = {isa = PBXFileReference; fileEncoding = 4; lastKnownFileType = sourcecode.c.objc; name = ProfileTableViewController.m; path = ../ProfileTableViewController.m; sourceTree = "<group>"; };
		F9AF506C1A9D3F550036F414 /* SearchTableViewCell.h */ = {isa = PBXFileReference; fileEncoding = 4; lastKnownFileType = sourcecode.c.h; name = SearchTableViewCell.h; path = ../SearchTableViewCell.h; sourceTree = "<group>"; };
		F9AF506D1A9D3F550036F414 /* SearchTableViewCell.m */ = {isa = PBXFileReference; fileEncoding = 4; lastKnownFileType = sourcecode.c.objc; name = SearchTableViewCell.m; path = ../SearchTableViewCell.m; sourceTree = "<group>"; };
		F9AF73F81A9A163700DE9A39 /* 651-sun@2x.png */ = {isa = PBXFileReference; lastKnownFileType = image.png; name = "651-sun@2x.png"; path = "../../../Dev/Tab Bar Icons/Glyphish 5 Icons (PNG)/Gray/651-sun@2x.png"; sourceTree = "<group>"; };
		F9B718151A89021E0070C134 /* 536-disguise@2x.png */ = {isa = PBXFileReference; lastKnownFileType = image.png; path = "536-disguise@2x.png"; sourceTree = "<group>"; };
		F9B718171A89025F0070C134 /* 564-camera@2x.png */ = {isa = PBXFileReference; lastKnownFileType = image.png; path = "564-camera@2x.png"; sourceTree = "<group>"; };
		F9B718191A8902EE0070C134 /* 644-coversation@2x.png */ = {isa = PBXFileReference; lastKnownFileType = image.png; path = "644-coversation@2x.png"; sourceTree = "<group>"; };
		F9B7181B1A8908A80070C134 /* placeholder.png */ = {isa = PBXFileReference; lastKnownFileType = image.png; path = placeholder.png; sourceTree = "<group>"; };
		F9B718201A890EA80070C134 /* MyProfileTableViewController.h */ = {isa = PBXFileReference; fileEncoding = 4; lastKnownFileType = sourcecode.c.h; name = MyProfileTableViewController.h; path = ../MyProfileTableViewController.h; sourceTree = "<group>"; };
		F9B718211A890EA80070C134 /* MyProfileTableViewController.m */ = {isa = PBXFileReference; fileEncoding = 4; lastKnownFileType = sourcecode.c.objc; name = MyProfileTableViewController.m; path = ../MyProfileTableViewController.m; sourceTree = "<group>"; };
		F9CBBE721A82662000680486 /* ResponseTableViewController.h */ = {isa = PBXFileReference; fileEncoding = 4; lastKnownFileType = sourcecode.c.h; name = ResponseTableViewController.h; path = ../ResponseTableViewController.h; sourceTree = "<group>"; };
		F9CBBE731A82662000680486 /* ResponseTableViewController.m */ = {isa = PBXFileReference; fileEncoding = 4; lastKnownFileType = sourcecode.c.objc; name = ResponseTableViewController.m; path = ../ResponseTableViewController.m; sourceTree = "<group>"; };
		F9CBBE751A82664000680486 /* AddJokeViewController.h */ = {isa = PBXFileReference; fileEncoding = 4; lastKnownFileType = sourcecode.c.h; name = AddJokeViewController.h; path = ../AddJokeViewController.h; sourceTree = "<group>"; };
		F9CBBE761A82664000680486 /* AddJokeViewController.m */ = {isa = PBXFileReference; fileEncoding = 4; lastKnownFileType = sourcecode.c.objc; name = AddJokeViewController.m; path = ../AddJokeViewController.m; sourceTree = "<group>"; };
		F9CBBE781A82665200680486 /* AddResponseViewController.h */ = {isa = PBXFileReference; fileEncoding = 4; lastKnownFileType = sourcecode.c.h; name = AddResponseViewController.h; path = ../AddResponseViewController.h; sourceTree = "<group>"; };
		F9CBBE791A82665200680486 /* AddResponseViewController.m */ = {isa = PBXFileReference; fileEncoding = 4; lastKnownFileType = sourcecode.c.objc; name = AddResponseViewController.m; path = ../AddResponseViewController.m; sourceTree = "<group>"; };
		F9CBBE7B1A8283DD00680486 /* DataSource.h */ = {isa = PBXFileReference; fileEncoding = 4; lastKnownFileType = sourcecode.c.h; name = DataSource.h; path = ../DataSource.h; sourceTree = "<group>"; };
		F9CBBE7C1A8283DD00680486 /* DataSource.m */ = {isa = PBXFileReference; fileEncoding = 4; lastKnownFileType = sourcecode.c.objc; name = DataSource.m; path = ../DataSource.m; sourceTree = "<group>"; };
		F9CBBE7E1A829A9700680486 /* JokeTableViewController.h */ = {isa = PBXFileReference; fileEncoding = 4; lastKnownFileType = sourcecode.c.h; name = JokeTableViewController.h; path = ../JokeTableViewController.h; sourceTree = "<group>"; };
		F9CBBE7F1A829A9700680486 /* JokeTableViewController.m */ = {isa = PBXFileReference; fileEncoding = 4; lastKnownFileType = sourcecode.c.objc; name = JokeTableViewController.m; path = ../JokeTableViewController.m; sourceTree = "<group>"; };
		F9CBBE811A82AC0A00680486 /* LoginViewController.h */ = {isa = PBXFileReference; fileEncoding = 4; lastKnownFileType = sourcecode.c.h; name = LoginViewController.h; path = ../LoginViewController.h; sourceTree = "<group>"; };
		F9CBBE821A82AC0A00680486 /* LoginViewController.m */ = {isa = PBXFileReference; fileEncoding = 4; lastKnownFileType = sourcecode.c.objc; name = LoginViewController.m; path = ../LoginViewController.m; sourceTree = "<group>"; };
		F9CBBE841A82AE8700680486 /* SignupViewController.h */ = {isa = PBXFileReference; fileEncoding = 4; lastKnownFileType = sourcecode.c.h; name = SignupViewController.h; path = ../SignupViewController.h; sourceTree = "<group>"; };
		F9CBBE851A82AE8700680486 /* SignupViewController.m */ = {isa = PBXFileReference; fileEncoding = 4; lastKnownFileType = sourcecode.c.objc; name = SignupViewController.m; path = ../SignupViewController.m; sourceTree = "<group>"; };
		F9D057AD1A951A2E0098A9E2 /* UserJokeTableViewCell.h */ = {isa = PBXFileReference; fileEncoding = 4; lastKnownFileType = sourcecode.c.h; name = UserJokeTableViewCell.h; path = ../UserJokeTableViewCell.h; sourceTree = "<group>"; };
		F9D057AE1A951A2E0098A9E2 /* UserJokeTableViewCell.m */ = {isa = PBXFileReference; fileEncoding = 4; lastKnownFileType = sourcecode.c.objc; name = UserJokeTableViewCell.m; path = ../UserJokeTableViewCell.m; sourceTree = "<group>"; };
		F9E55EAD1A9241210061CBCE /* TabsTableViewController.h */ = {isa = PBXFileReference; fileEncoding = 4; lastKnownFileType = sourcecode.c.h; name = TabsTableViewController.h; path = ../TabsTableViewController.h; sourceTree = "<group>"; };
		F9E55EAE1A9241210061CBCE /* TabsTableViewController.m */ = {isa = PBXFileReference; fileEncoding = 4; lastKnownFileType = sourcecode.c.objc; name = TabsTableViewController.m; path = ../TabsTableViewController.m; sourceTree = "<group>"; };
		F9E55EB01A92413D0061CBCE /* TabsTableViewCell.h */ = {isa = PBXFileReference; fileEncoding = 4; lastKnownFileType = sourcecode.c.h; name = TabsTableViewCell.h; path = ../TabsTableViewCell.h; sourceTree = "<group>"; };
		F9E55EB11A92413D0061CBCE /* TabsTableViewCell.m */ = {isa = PBXFileReference; fileEncoding = 4; lastKnownFileType = sourcecode.c.objc; name = TabsTableViewCell.m; path = ../TabsTableViewCell.m; sourceTree = "<group>"; };
		F9E55EB61A92939E0061CBCE /* AllTabbersTableViewController.h */ = {isa = PBXFileReference; fileEncoding = 4; lastKnownFileType = sourcecode.c.h; name = AllTabbersTableViewController.h; path = ../AllTabbersTableViewController.h; sourceTree = "<group>"; };
		F9E55EB71A92939E0061CBCE /* AllTabbersTableViewController.m */ = {isa = PBXFileReference; fileEncoding = 4; lastKnownFileType = sourcecode.c.objc; name = AllTabbersTableViewController.m; path = ../AllTabbersTableViewController.m; sourceTree = "<group>"; };
/* End PBXFileReference section */

/* Begin PBXFrameworksBuildPhase section */
		F9118DAA1A8196EB00E878AA /* Frameworks */ = {
			isa = PBXFrameworksBuildPhase;
			buildActionMask = 2147483647;
			files = (
				F9118DF61A819B3300E878AA /* libsqlite3.dylib in Frameworks */,
				F9118DF41A819B1500E878AA /* libz.dylib in Frameworks */,
				F9118DF21A819AED00E878AA /* SystemConfiguration.framework in Frameworks */,
				F9118DF01A819AE100E878AA /* StoreKit.framework in Frameworks */,
				F9118DEE1A819AD500E878AA /* Social.framework in Frameworks */,
				F9118DEC1A819ACB00E878AA /* Security.framework in Frameworks */,
				F9118DF91A81A7A400E878AA /* ParseUI.framework in Frameworks */,
				F9118DEA1A819AC000E878AA /* QuartzCore.framework in Frameworks */,
				F9118DE81A819AB000E878AA /* MobileCoreServices.framework in Frameworks */,
				F9118DE61A819A9F00E878AA /* CoreLocation.framework in Frameworks */,
				F9118DE41A819A9700E878AA /* CoreGraphics.framework in Frameworks */,
				F9118DE21A819A8F00E878AA /* CFNetwork.framework in Frameworks */,
				F9118DE01A819A8800E878AA /* AudioToolbox.framework in Frameworks */,
				F9118DDE1A819A8000E878AA /* Accounts.framework in Frameworks */,
				F9118DDC1A819A0700E878AA /* Parse.framework in Frameworks */,
				F9118DDA1A8199F900E878AA /* Bolts.framework in Frameworks */,
			);
			runOnlyForDeploymentPostprocessing = 0;
		};
		F9118DC31A8196EB00E878AA /* Frameworks */ = {
			isa = PBXFrameworksBuildPhase;
			buildActionMask = 2147483647;
			files = (
			);
			runOnlyForDeploymentPostprocessing = 0;
		};
/* End PBXFrameworksBuildPhase section */

/* Begin PBXGroup section */
		F9118DA41A8196EB00E878AA = {
			isa = PBXGroup;
			children = (
				F9118DAF1A8196EB00E878AA /* QuestionApp */,
				F9118DC91A8196EB00E878AA /* QuestionAppTests */,
				F9118DAE1A8196EB00E878AA /* Products */,
				F9118DF71A819B5300E878AA /* Frameworks */,
			);
			sourceTree = "<group>";
		};
		F9118DAE1A8196EB00E878AA /* Products */ = {
			isa = PBXGroup;
			children = (
				F9118DAD1A8196EB00E878AA /* QuestionApp.app */,
				F9118DC61A8196EB00E878AA /* QuestionAppTests.xctest */,
			);
			name = Products;
			sourceTree = "<group>";
		};
		F9118DAF1A8196EB00E878AA /* QuestionApp */ = {
			isa = PBXGroup;
			children = (
				F984500C1A9FDE640061A0AB /* AllTabbersTableViewCell.h */,
				F984500D1A9FDE640061A0AB /* AllTabbersTableViewCell.m */,
				F9E55EB61A92939E0061CBCE /* AllTabbersTableViewController.h */,
				F9E55EB71A92939E0061CBCE /* AllTabbersTableViewController.m */,
				F9A8A99D1A897F1900DFD090 /* ProfileTableViewController.h */,
				F9A8A99E1A897F1900DFD090 /* ProfileTableViewController.m */,
				F9B718201A890EA80070C134 /* MyProfileTableViewController.h */,
				F9B718211A890EA80070C134 /* MyProfileTableViewController.m */,
				F9CBBE781A82665200680486 /* AddResponseViewController.h */,
				F9CBBE791A82665200680486 /* AddResponseViewController.m */,
				F9CBBE751A82664000680486 /* AddJokeViewController.h */,
				F9CBBE761A82664000680486 /* AddJokeViewController.m */,
				F9AF506C1A9D3F550036F414 /* SearchTableViewCell.h */,
				F9AF506D1A9D3F550036F414 /* SearchTableViewCell.m */,
				F9A38AE61A9CDED90080B174 /* SearchTableViewController.h */,
				F9A38AE71A9CDED90080B174 /* SearchTableViewController.m */,
				F991024C1A94E103009DC951 /* FullResponseTableViewController.h */,
				F991024D1A94E103009DC951 /* FullResponseTableViewController.m */,
				F983B1461A8D43EA000C597C /* ResponseTableViewCell.h */,
				F983B1471A8D43EA000C597C /* ResponseTableViewCell.m */,
				F9CBBE721A82662000680486 /* ResponseTableViewController.h */,
				F9CBBE731A82662000680486 /* ResponseTableViewController.m */,
				F94B44C31A9E0ECA00B39708 /* HotTableViewCell.h */,
				F94B44C41A9E0ECA00B39708 /* HotTableViewCell.m */,
				F94B44C01A9E0EB500B39708 /* HotTableViewController.h */,
				F94B44C11A9E0EB500B39708 /* HotTableViewController.m */,
				F9E55EB01A92413D0061CBCE /* TabsTableViewCell.h */,
				F9E55EB11A92413D0061CBCE /* TabsTableViewCell.m */,
				F9E55EAD1A9241210061CBCE /* TabsTableViewController.h */,
				F9E55EAE1A9241210061CBCE /* TabsTableViewController.m */,
				F9D057AD1A951A2E0098A9E2 /* UserJokeTableViewCell.h */,
				F9D057AE1A951A2E0098A9E2 /* UserJokeTableViewCell.m */,
				F99102561A950F15009DC951 /* UserJokeTableViewController.h */,
				F99102571A950F15009DC951 /* UserJokeTableViewController.m */,
				F93F3E0B1A8FF2D3003E046F /* JokeTableViewCell.h */,
				F93F3E0C1A8FF2D3003E046F /* JokeTableViewCell.m */,
				F9CBBE7E1A829A9700680486 /* JokeTableViewController.h */,
				F9CBBE7F1A829A9700680486 /* JokeTableViewController.m */,
				F9669FF51A968BF6007D142B /* ForgotPasswordViewController.h */,
				F9669FF61A968BF6007D142B /* ForgotPasswordViewController.m */,
				F9CBBE841A82AE8700680486 /* SignupViewController.h */,
				F9CBBE851A82AE8700680486 /* SignupViewController.m */,
				F9CBBE811A82AC0A00680486 /* LoginViewController.h */,
				F9CBBE821A82AC0A00680486 /* LoginViewController.m */,
				F9CBBE7B1A8283DD00680486 /* DataSource.h */,
				F9CBBE7C1A8283DD00680486 /* DataSource.m */,
				F9118DB41A8196EB00E878AA /* AppDelegate.h */,
				F9118DB51A8196EB00E878AA /* AppDelegate.m */,
				F9118DD71A81999500E878AA /* MainStoryboard.storyboard */,
				F9118DBD1A8196EB00E878AA /* Images.xcassets */,
				F9118DBF1A8196EB00E878AA /* LaunchScreen.xib */,
				F9118DB01A8196EB00E878AA /* Supporting Files */,
			);
			path = QuestionApp;
			sourceTree = "<group>";
		};
		F9118DB01A8196EB00E878AA /* Supporting Files */ = {
			isa = PBXGroup;
			children = (
				F98CF6531A9F8842008B91E3 /* microphone-7@2x.png */,
				F98450121AA002DA0061A0AB /* half-arrow-left-circle-7@3x.png */,
				F984500A1A9FDB320061A0AB /* half-arrow-left-7@3x.png */,
				F98CF65B1A9F8B5D008B91E3 /* star-7@3x.png */,
				F98CF6591A9F88FB008B91E3 /* user-7@2x.png */,
				F98CF6571A9F88BD008B91E3 /* tag-tick-7@2x.png */,
				F98CF6551A9F887E008B91E3 /* sun-7@2x.png */,
				F98CF6491A9F83ED008B91E3 /* door-out-7@3x.png */,
				F98CF6511A9F878B008B91E3 /* comet-7@3x.png */,
				F98CF64D1A9F8634008B91E3 /* user-7@3x.png */,
				F98CF64F1A9F86E8008B91E3 /* sun-7@3x.png */,
				F98CF64B1A9F85B3008B91E3 /* microphone-7@3x.png */,
				F98CF6431A9F81EF008B91E3 /* tag-minus-7@3x.png */,
				F98CF6471A9F823D008B91E3 /* tag-tick-7@3x.png */,
				F98CF6451A9F8206008B91E3 /* tag-plus-7@3x.png */,
				F98CF63D1A9F72AA008B91E3 /* half-arrow-up-circle-7@3x.png */,
				F98CF6391A9F725F008B91E3 /* arrow-up-7@3x.png */,
				F98CF63B1A9F7286008B91E3 /* half-arrow-up-7@3x.png */,
				F9AF73F81A9A163700DE9A39 /* 651-sun@2x.png */,
				F99102521A950B1B009DC951 /* 518-filter@2x.png */,
				F99102541A950B32009DC951 /* 534-eye@2x.png */,
				F99E87431A91839400D7B5AF /* 571-microphone@2x.png */,
				F99E87411A91835C00D7B5AF /* 552-flag-1@2x.png */,
				F9B7181B1A8908A80070C134 /* placeholder.png */,
				F947C4231A8E956E00363937 /* 602-exit@2x.png */,
				F9B718191A8902EE0070C134 /* 644-coversation@2x.png */,
				F9B718171A89025F0070C134 /* 564-camera@2x.png */,
				F9B718151A89021E0070C134 /* 536-disguise@2x.png */,
				F9118DB11A8196EB00E878AA /* Info.plist */,
				F9118DB21A8196EB00E878AA /* main.m */,
			);
			name = "Supporting Files";
			sourceTree = "<group>";
		};
		F9118DC91A8196EB00E878AA /* QuestionAppTests */ = {
			isa = PBXGroup;
			children = (
				F9118DCC1A8196EB00E878AA /* QuestionAppTests.m */,
				F9118DCA1A8196EB00E878AA /* Supporting Files */,
			);
			path = QuestionAppTests;
			sourceTree = "<group>";
		};
		F9118DCA1A8196EB00E878AA /* Supporting Files */ = {
			isa = PBXGroup;
			children = (
				F9118DCB1A8196EB00E878AA /* Info.plist */,
			);
			name = "Supporting Files";
			sourceTree = "<group>";
		};
		F9118DF71A819B5300E878AA /* Frameworks */ = {
			isa = PBXGroup;
			children = (
				F9118DF51A819B3300E878AA /* libsqlite3.dylib */,
				F9118DF31A819B1500E878AA /* libz.dylib */,
				F9118DF81A81A7A300E878AA /* ParseUI.framework */,
				F9118DF11A819AED00E878AA /* SystemConfiguration.framework */,
				F9118DEF1A819AE100E878AA /* StoreKit.framework */,
				F9118DED1A819AD500E878AA /* Social.framework */,
				F9118DEB1A819ACB00E878AA /* Security.framework */,
				F9118DE91A819AC000E878AA /* QuartzCore.framework */,
				F9118DE71A819AB000E878AA /* MobileCoreServices.framework */,
				F9118DE51A819A9F00E878AA /* CoreLocation.framework */,
				F9118DE31A819A9700E878AA /* CoreGraphics.framework */,
				F9118DE11A819A8F00E878AA /* CFNetwork.framework */,
				F9118DDF1A819A8800E878AA /* AudioToolbox.framework */,
				F9118DDD1A819A8000E878AA /* Accounts.framework */,
				F9118DDB1A819A0700E878AA /* Parse.framework */,
				F9118DD91A8199F900E878AA /* Bolts.framework */,
			);
			name = Frameworks;
			sourceTree = "<group>";
		};
/* End PBXGroup section */

/* Begin PBXNativeTarget section */
		F9118DAC1A8196EB00E878AA /* QuestionApp */ = {
			isa = PBXNativeTarget;
			buildConfigurationList = F9118DD01A8196EB00E878AA /* Build configuration list for PBXNativeTarget "QuestionApp" */;
			buildPhases = (
				F9118DA91A8196EB00E878AA /* Sources */,
				F9118DAA1A8196EB00E878AA /* Frameworks */,
				F9118DAB1A8196EB00E878AA /* Resources */,
			);
			buildRules = (
			);
			dependencies = (
			);
			name = QuestionApp;
			productName = QuestionApp;
			productReference = F9118DAD1A8196EB00E878AA /* QuestionApp.app */;
			productType = "com.apple.product-type.application";
		};
		F9118DC51A8196EB00E878AA /* QuestionAppTests */ = {
			isa = PBXNativeTarget;
			buildConfigurationList = F9118DD31A8196EB00E878AA /* Build configuration list for PBXNativeTarget "QuestionAppTests" */;
			buildPhases = (
				F9118DC21A8196EB00E878AA /* Sources */,
				F9118DC31A8196EB00E878AA /* Frameworks */,
				F9118DC41A8196EB00E878AA /* Resources */,
			);
			buildRules = (
			);
			dependencies = (
				F9118DC81A8196EB00E878AA /* PBXTargetDependency */,
			);
			name = QuestionAppTests;
			productName = QuestionAppTests;
			productReference = F9118DC61A8196EB00E878AA /* QuestionAppTests.xctest */;
			productType = "com.apple.product-type.bundle.unit-test";
		};
/* End PBXNativeTarget section */

/* Begin PBXProject section */
		F9118DA51A8196EB00E878AA /* Project object */ = {
			isa = PBXProject;
			attributes = {
				LastUpgradeCheck = 0610;
				ORGANIZATIONNAME = "Matt Maher";
				TargetAttributes = {
					F9118DAC1A8196EB00E878AA = {
						CreatedOnToolsVersion = 6.1.1;
						DevelopmentTeam = RCJFFV5UHS;
					};
					F9118DC51A8196EB00E878AA = {
						CreatedOnToolsVersion = 6.1.1;
						TestTargetID = F9118DAC1A8196EB00E878AA;
					};
				};
			};
			buildConfigurationList = F9118DA81A8196EB00E878AA /* Build configuration list for PBXProject "QuestionApp" */;
			compatibilityVersion = "Xcode 3.2";
			developmentRegion = English;
			hasScannedForEncodings = 0;
			knownRegions = (
				en,
				Base,
			);
			mainGroup = F9118DA41A8196EB00E878AA;
			productRefGroup = F9118DAE1A8196EB00E878AA /* Products */;
			projectDirPath = "";
			projectRoot = "";
			targets = (
				F9118DAC1A8196EB00E878AA /* QuestionApp */,
				F9118DC51A8196EB00E878AA /* QuestionAppTests */,
			);
		};
/* End PBXProject section */

/* Begin PBXResourcesBuildPhase section */
		F9118DAB1A8196EB00E878AA /* Resources */ = {
			isa = PBXResourcesBuildPhase;
			buildActionMask = 2147483647;
			files = (
				F98CF63A1A9F725F008B91E3 /* arrow-up-7@3x.png in Resources */,
				F9B718161A89021E0070C134 /* 536-disguise@2x.png in Resources */,
				F9118DD81A81999500E878AA /* MainStoryboard.storyboard in Resources */,
				F98CF6501A9F86E8008B91E3 /* sun-7@3x.png in Resources */,
				F98CF63E1A9F72AA008B91E3 /* half-arrow-up-circle-7@3x.png in Resources */,
				F98CF65C1A9F8B5D008B91E3 /* star-7@3x.png in Resources */,
				F98450131AA002DA0061A0AB /* half-arrow-left-circle-7@3x.png in Resources */,
				F9118DC11A8196EB00E878AA /* LaunchScreen.xib in Resources */,
				F99102531A950B1B009DC951 /* 518-filter@2x.png in Resources */,
				F947C4241A8E956E00363937 /* 602-exit@2x.png in Resources */,
				F9AF73F91A9A163700DE9A39 /* 651-sun@2x.png in Resources */,
				F99E87441A91839400D7B5AF /* 571-microphone@2x.png in Resources */,
				F98CF6581A9F88BD008B91E3 /* tag-tick-7@2x.png in Resources */,
				F9118DBE1A8196EB00E878AA /* Images.xcassets in Resources */,
				F98CF64C1A9F85B3008B91E3 /* microphone-7@3x.png in Resources */,
				F99E87421A91835C00D7B5AF /* 552-flag-1@2x.png in Resources */,
				F98CF6521A9F878B008B91E3 /* comet-7@3x.png in Resources */,
				F98CF6561A9F887E008B91E3 /* sun-7@2x.png in Resources */,
				F98CF6461A9F8206008B91E3 /* tag-plus-7@3x.png in Resources */,
				F98CF65A1A9F88FB008B91E3 /* user-7@2x.png in Resources */,
				F98CF6541A9F8842008B91E3 /* microphone-7@2x.png in Resources */,
				F98CF64A1A9F83ED008B91E3 /* door-out-7@3x.png in Resources */,
				F9B7181C1A8908A80070C134 /* placeholder.png in Resources */,
				F9B718181A89025F0070C134 /* 564-camera@2x.png in Resources */,
				F98CF6481A9F823D008B91E3 /* tag-tick-7@3x.png in Resources */,
				F9B7181A1A8902EE0070C134 /* 644-coversation@2x.png in Resources */,
				F98CF6441A9F81EF008B91E3 /* tag-minus-7@3x.png in Resources */,
				F99102551A950B32009DC951 /* 534-eye@2x.png in Resources */,
				F984500B1A9FDB320061A0AB /* half-arrow-left-7@3x.png in Resources */,
				F98CF64E1A9F8634008B91E3 /* user-7@3x.png in Resources */,
				F98CF63C1A9F7286008B91E3 /* half-arrow-up-7@3x.png in Resources */,
			);
			runOnlyForDeploymentPostprocessing = 0;
		};
		F9118DC41A8196EB00E878AA /* Resources */ = {
			isa = PBXResourcesBuildPhase;
			buildActionMask = 2147483647;
			files = (
			);
			runOnlyForDeploymentPostprocessing = 0;
		};
/* End PBXResourcesBuildPhase section */

/* Begin PBXSourcesBuildPhase section */
		F9118DA91A8196EB00E878AA /* Sources */ = {
			isa = PBXSourcesBuildPhase;
			buildActionMask = 2147483647;
			files = (
				F9A38AE81A9CDED90080B174 /* SearchTableViewController.m in Sources */,
				F9D057AF1A951A2E0098A9E2 /* UserJokeTableViewCell.m in Sources */,
				F991024E1A94E103009DC951 /* FullResponseTableViewController.m in Sources */,
				F9CBBE831A82AC0A00680486 /* LoginViewController.m in Sources */,
				F9B718221A890EA80070C134 /* MyProfileTableViewController.m in Sources */,
				F9AF506E1A9D3F550036F414 /* SearchTableViewCell.m in Sources */,
				F9CBBE7A1A82665200680486 /* AddResponseViewController.m in Sources */,
				F9E55EAF1A9241210061CBCE /* TabsTableViewController.m in Sources */,
				F9118DB61A8196EB00E878AA /* AppDelegate.m in Sources */,
				F9CBBE861A82AE8700680486 /* SignupViewController.m in Sources */,
				F9A8A99F1A897F1900DFD090 /* ProfileTableViewController.m in Sources */,
				F94B44C51A9E0ECA00B39708 /* HotTableViewCell.m in Sources */,
				F9CBBE741A82662100680486 /* ResponseTableViewController.m in Sources */,
				F9E55EB21A92413D0061CBCE /* TabsTableViewCell.m in Sources */,
				F93F3E0D1A8FF2D3003E046F /* JokeTableViewCell.m in Sources */,
				F94B44C21A9E0EB500B39708 /* HotTableViewController.m in Sources */,
				F9CBBE801A829A9700680486 /* JokeTableViewController.m in Sources */,
				F9CBBE771A82664000680486 /* AddJokeViewController.m in Sources */,
				F9CBBE7D1A8283DD00680486 /* DataSource.m in Sources */,
				F9E55EB81A92939E0061CBCE /* AllTabbersTableViewController.m in Sources */,
				F9118DB31A8196EB00E878AA /* main.m in Sources */,
				F984500E1A9FDE640061A0AB /* AllTabbersTableViewCell.m in Sources */,
				F9669FF71A968BF6007D142B /* ForgotPasswordViewController.m in Sources */,
				F99102581A950F15009DC951 /* UserJokeTableViewController.m in Sources */,
				F983B1481A8D43EA000C597C /* ResponseTableViewCell.m in Sources */,
			);
			runOnlyForDeploymentPostprocessing = 0;
		};
		F9118DC21A8196EB00E878AA /* Sources */ = {
			isa = PBXSourcesBuildPhase;
			buildActionMask = 2147483647;
			files = (
				F9118DCD1A8196EB00E878AA /* QuestionAppTests.m in Sources */,
			);
			runOnlyForDeploymentPostprocessing = 0;
		};
/* End PBXSourcesBuildPhase section */

/* Begin PBXTargetDependency section */
		F9118DC81A8196EB00E878AA /* PBXTargetDependency */ = {
			isa = PBXTargetDependency;
			target = F9118DAC1A8196EB00E878AA /* QuestionApp */;
			targetProxy = F9118DC71A8196EB00E878AA /* PBXContainerItemProxy */;
		};
/* End PBXTargetDependency section */

/* Begin PBXVariantGroup section */
		F9118DBF1A8196EB00E878AA /* LaunchScreen.xib */ = {
			isa = PBXVariantGroup;
			children = (
				F9118DC01A8196EB00E878AA /* Base */,
			);
			name = LaunchScreen.xib;
			sourceTree = "<group>";
		};
/* End PBXVariantGroup section */

/* Begin XCBuildConfiguration section */
		F9118DCE1A8196EB00E878AA /* Debug */ = {
			isa = XCBuildConfiguration;
			buildSettings = {
				ALWAYS_SEARCH_USER_PATHS = NO;
				CLANG_CXX_LANGUAGE_STANDARD = "gnu++0x";
				CLANG_CXX_LIBRARY = "libc++";
				CLANG_ENABLE_MODULES = YES;
				CLANG_ENABLE_OBJC_ARC = YES;
				CLANG_WARN_BOOL_CONVERSION = YES;
				CLANG_WARN_CONSTANT_CONVERSION = YES;
				CLANG_WARN_DIRECT_OBJC_ISA_USAGE = YES_ERROR;
				CLANG_WARN_EMPTY_BODY = YES;
				CLANG_WARN_ENUM_CONVERSION = YES;
				CLANG_WARN_INT_CONVERSION = YES;
				CLANG_WARN_OBJC_ROOT_CLASS = YES_ERROR;
				CLANG_WARN_UNREACHABLE_CODE = YES;
				CLANG_WARN__DUPLICATE_METHOD_MATCH = YES;
				"CODE_SIGN_IDENTITY[sdk=iphoneos*]" = "iPhone Developer";
				COPY_PHASE_STRIP = NO;
				ENABLE_STRICT_OBJC_MSGSEND = YES;
				GCC_C_LANGUAGE_STANDARD = gnu99;
				GCC_DYNAMIC_NO_PIC = NO;
				GCC_OPTIMIZATION_LEVEL = 0;
				GCC_PREPROCESSOR_DEFINITIONS = (
					"DEBUG=1",
					"$(inherited)",
				);
				GCC_SYMBOLS_PRIVATE_EXTERN = NO;
				GCC_WARN_64_TO_32_BIT_CONVERSION = YES;
				GCC_WARN_ABOUT_RETURN_TYPE = YES_ERROR;
				GCC_WARN_UNDECLARED_SELECTOR = YES;
				GCC_WARN_UNINITIALIZED_AUTOS = YES_AGGRESSIVE;
				GCC_WARN_UNUSED_FUNCTION = YES;
				GCC_WARN_UNUSED_VARIABLE = YES;
				IPHONEOS_DEPLOYMENT_TARGET = 8.1;
				MTL_ENABLE_DEBUG_INFO = YES;
				ONLY_ACTIVE_ARCH = YES;
				SDKROOT = iphoneos;
				TARGETED_DEVICE_FAMILY = "1,2";
			};
			name = Debug;
		};
		F9118DCF1A8196EB00E878AA /* Release */ = {
			isa = XCBuildConfiguration;
			buildSettings = {
				ALWAYS_SEARCH_USER_PATHS = NO;
				CLANG_CXX_LANGUAGE_STANDARD = "gnu++0x";
				CLANG_CXX_LIBRARY = "libc++";
				CLANG_ENABLE_MODULES = YES;
				CLANG_ENABLE_OBJC_ARC = YES;
				CLANG_WARN_BOOL_CONVERSION = YES;
				CLANG_WARN_CONSTANT_CONVERSION = YES;
				CLANG_WARN_DIRECT_OBJC_ISA_USAGE = YES_ERROR;
				CLANG_WARN_EMPTY_BODY = YES;
				CLANG_WARN_ENUM_CONVERSION = YES;
				CLANG_WARN_INT_CONVERSION = YES;
				CLANG_WARN_OBJC_ROOT_CLASS = YES_ERROR;
				CLANG_WARN_UNREACHABLE_CODE = YES;
				CLANG_WARN__DUPLICATE_METHOD_MATCH = YES;
				"CODE_SIGN_IDENTITY[sdk=iphoneos*]" = "iPhone Developer";
				COPY_PHASE_STRIP = YES;
				ENABLE_NS_ASSERTIONS = NO;
				ENABLE_STRICT_OBJC_MSGSEND = YES;
				GCC_C_LANGUAGE_STANDARD = gnu99;
				GCC_WARN_64_TO_32_BIT_CONVERSION = YES;
				GCC_WARN_ABOUT_RETURN_TYPE = YES_ERROR;
				GCC_WARN_UNDECLARED_SELECTOR = YES;
				GCC_WARN_UNINITIALIZED_AUTOS = YES_AGGRESSIVE;
				GCC_WARN_UNUSED_FUNCTION = YES;
				GCC_WARN_UNUSED_VARIABLE = YES;
				IPHONEOS_DEPLOYMENT_TARGET = 8.1;
				MTL_ENABLE_DEBUG_INFO = NO;
				SDKROOT = iphoneos;
				TARGETED_DEVICE_FAMILY = "1,2";
				VALIDATE_PRODUCT = YES;
			};
			name = Release;
		};
		F9118DD11A8196EB00E878AA /* Debug */ = {
			isa = XCBuildConfiguration;
			buildSettings = {
				ASSETCATALOG_COMPILER_APPICON_NAME = AppIcon;
				CODE_SIGN_IDENTITY = "iPhone Developer";
				"CODE_SIGN_IDENTITY[sdk=iphoneos*]" = "iPhone Developer";
				FRAMEWORK_SEARCH_PATHS = (
					"$(inherited)",
					"$(PROJECT_DIR)",
				);
				INFOPLIST_FILE = QuestionApp/Info.plist;
				LD_RUNPATH_SEARCH_PATHS = "$(inherited) @executable_path/Frameworks";
				PRODUCT_NAME = "$(TARGET_NAME)";
				PROVISIONING_PROFILE = "";
			};
			name = Debug;
		};
		F9118DD21A8196EB00E878AA /* Release */ = {
			isa = XCBuildConfiguration;
			buildSettings = {
				ASSETCATALOG_COMPILER_APPICON_NAME = AppIcon;
				CODE_SIGN_IDENTITY = "iPhone Developer";
				"CODE_SIGN_IDENTITY[sdk=iphoneos*]" = "iPhone Developer";
				FRAMEWORK_SEARCH_PATHS = (
					"$(inherited)",
					"$(PROJECT_DIR)",
				);
				INFOPLIST_FILE = QuestionApp/Info.plist;
				LD_RUNPATH_SEARCH_PATHS = "$(inherited) @executable_path/Frameworks";
				PRODUCT_NAME = "$(TARGET_NAME)";
				PROVISIONING_PROFILE = "";
			};
			name = Release;
		};
		F9118DD41A8196EB00E878AA /* Debug */ = {
			isa = XCBuildConfiguration;
			buildSettings = {
				BUNDLE_LOADER = "$(TEST_HOST)";
				FRAMEWORK_SEARCH_PATHS = (
					"$(SDKROOT)/Developer/Library/Frameworks",
					"$(inherited)",
				);
				GCC_PREPROCESSOR_DEFINITIONS = (
					"DEBUG=1",
					"$(inherited)",
				);
				INFOPLIST_FILE = QuestionAppTests/Info.plist;
				LD_RUNPATH_SEARCH_PATHS = "$(inherited) @executable_path/Frameworks @loader_path/Frameworks";
				PRODUCT_NAME = "$(TARGET_NAME)";
				TEST_HOST = "$(BUILT_PRODUCTS_DIR)/QuestionApp.app/QuestionApp";
			};
			name = Debug;
		};
		F9118DD51A8196EB00E878AA /* Release */ = {
			isa = XCBuildConfiguration;
			buildSettings = {
				BUNDLE_LOADER = "$(TEST_HOST)";
				FRAMEWORK_SEARCH_PATHS = (
					"$(SDKROOT)/Developer/Library/Frameworks",
					"$(inherited)",
				);
				INFOPLIST_FILE = QuestionAppTests/Info.plist;
				LD_RUNPATH_SEARCH_PATHS = "$(inherited) @executable_path/Frameworks @loader_path/Frameworks";
				PRODUCT_NAME = "$(TARGET_NAME)";
				TEST_HOST = "$(BUILT_PRODUCTS_DIR)/QuestionApp.app/QuestionApp";
			};
			name = Release;
		};
/* End XCBuildConfiguration section */

/* Begin XCConfigurationList section */
		F9118DA81A8196EB00E878AA /* Build configuration list for PBXProject "QuestionApp" */ = {
			isa = XCConfigurationList;
			buildConfigurations = (
				F9118DCE1A8196EB00E878AA /* Debug */,
				F9118DCF1A8196EB00E878AA /* Release */,
			);
			defaultConfigurationIsVisible = 0;
			defaultConfigurationName = Release;
		};
		F9118DD01A8196EB00E878AA /* Build configuration list for PBXNativeTarget "QuestionApp" */ = {
			isa = XCConfigurationList;
			buildConfigurations = (
				F9118DD11A8196EB00E878AA /* Debug */,
				F9118DD21A8196EB00E878AA /* Release */,
			);
			defaultConfigurationIsVisible = 0;
			defaultConfigurationName = Release;
		};
		F9118DD31A8196EB00E878AA /* Build configuration list for PBXNativeTarget "QuestionAppTests" */ = {
			isa = XCConfigurationList;
			buildConfigurations = (
				F9118DD41A8196EB00E878AA /* Debug */,
				F9118DD51A8196EB00E878AA /* Release */,
			);
			defaultConfigurationIsVisible = 0;
			defaultConfigurationName = Release;
		};
/* End XCConfigurationList section */
	};
	rootObject = F9118DA51A8196EB00E878AA /* Project object */;
}
